// !$*UTF8*$!
{
	archiveVersion = 1;
	classes = {
	};
	objectVersion = 50;
	objects = {

/* Begin PBXBuildFile section */
		800D8FB921E33E9E0008DACA /* AppDelegate.swift in Sources */ = {isa = PBXBuildFile; fileRef = 800D8FB821E33E9E0008DACA /* AppDelegate.swift */; };
		800D8FBB21E33E9E0008DACA /* ViewController.swift in Sources */ = {isa = PBXBuildFile; fileRef = 800D8FBA21E33E9E0008DACA /* ViewController.swift */; };
		800D8FBE21E33E9E0008DACA /* Main.storyboard in Resources */ = {isa = PBXBuildFile; fileRef = 800D8FBC21E33E9E0008DACA /* Main.storyboard */; };
		800D8FC121E33E9E0008DACA /* Tastmanager.xcdatamodeld in Sources */ = {isa = PBXBuildFile; fileRef = 800D8FBF21E33E9E0008DACA /* Tastmanager.xcdatamodeld */; };
		800D8FC321E33E9F0008DACA /* Assets.xcassets in Resources */ = {isa = PBXBuildFile; fileRef = 800D8FC221E33E9F0008DACA /* Assets.xcassets */; };
		800D8FC621E33E9F0008DACA /* LaunchScreen.storyboard in Resources */ = {isa = PBXBuildFile; fileRef = 800D8FC421E33E9F0008DACA /* LaunchScreen.storyboard */; };
/* End PBXBuildFile section */

/* Begin PBXFileReference section */
		800D8FB521E33E9E0008DACA /* Tastmanager.app */ = {isa = PBXFileReference; explicitFileType = wrapper.application; includeInIndex = 0; path = Tastmanager.app; sourceTree = BUILT_PRODUCTS_DIR; };
		800D8FB821E33E9E0008DACA /* AppDelegate.swift */ = {isa = PBXFileReference; lastKnownFileType = sourcecode.swift; path = AppDelegate.swift; sourceTree = "<group>"; };
		800D8FBA21E33E9E0008DACA /* ViewController.swift */ = {isa = PBXFileReference; lastKnownFileType = sourcecode.swift; path = ViewController.swift; sourceTree = "<group>"; };
		800D8FBD21E33E9E0008DACA /* Base */ = {isa = PBXFileReference; lastKnownFileType = file.storyboard; name = Base; path = Base.lproj/Main.storyboard; sourceTree = "<group>"; };
		800D8FC021E33E9E0008DACA /* Tastmanager.xcdatamodel */ = {isa = PBXFileReference; lastKnownFileType = wrapper.xcdatamodel; path = Tastmanager.xcdatamodel; sourceTree = "<group>"; };
		800D8FC221E33E9F0008DACA /* Assets.xcassets */ = {isa = PBXFileReference; lastKnownFileType = folder.assetcatalog; path = Assets.xcassets; sourceTree = "<group>"; };
		800D8FC521E33E9F0008DACA /* Base */ = {isa = PBXFileReference; lastKnownFileType = file.storyboard; name = Base; path = Base.lproj/LaunchScreen.storyboard; sourceTree = "<group>"; };
		800D8FC721E33E9F0008DACA /* Info.plist */ = {isa = PBXFileReference; lastKnownFileType = text.plist.xml; path = Info.plist; sourceTree = "<group>"; };
/* End PBXFileReference section */

/* Begin PBXFrameworksBuildPhase section */
		800D8FB221E33E9E0008DACA /* Frameworks */ = {
			isa = PBXFrameworksBuildPhase;
			buildActionMask = 2147483647;
			files = (
			);
			runOnlyForDeploymentPostprocessing = 0;
		};
/* End PBXFrameworksBuildPhase section */

/* Begin PBXGroup section */
		800D8FAC21E33E9E0008DACA = {
			isa = PBXGroup;
			children = (
				800D8FB721E33E9E0008DACA /* Tastmanager */,
				800D8FB621E33E9E0008DACA /* Products */,
			);
			sourceTree = "<group>";
		};
		800D8FB621E33E9E0008DACA /* Products */ = {
			isa = PBXGroup;
			children = (
				800D8FB521E33E9E0008DACA /* Tastmanager.app */,
			);
			name = Products;
			sourceTree = "<group>";
		};
		800D8FB721E33E9E0008DACA /* Tastmanager */ = {
			isa = PBXGroup;
			children = (
				800D8FB821E33E9E0008DACA /* AppDelegate.swift */,
				800D8FBA21E33E9E0008DACA /* ViewController.swift */,
				800D8FBC21E33E9E0008DACA /* Main.storyboard */,
				800D8FC221E33E9F0008DACA /* Assets.xcassets */,
				800D8FC421E33E9F0008DACA /* LaunchScreen.storyboard */,
				800D8FC721E33E9F0008DACA /* Info.plist */,
				800D8FBF21E33E9E0008DACA /* Tastmanager.xcdatamodeld */,
			);
			path = Tastmanager;
			sourceTree = "<group>";
		};
/* End PBXGroup section */

/* Begin PBXNativeTarget section */
		800D8FB421E33E9E0008DACA /* Tastmanager */ = {
			isa = PBXNativeTarget;
			buildConfigurationList = 800D8FCA21E33E9F0008DACA /* Build configuration list for PBXNativeTarget "Tastmanager" */;
			buildPhases = (
				800D8FB121E33E9E0008DACA /* Sources */,
				800D8FB221E33E9E0008DACA /* Frameworks */,
				800D8FB321E33E9E0008DACA /* Resources */,
			);
			buildRules = (
			);
			dependencies = (
			);
			name = Tastmanager;
			productName = Tastmanager;
			productReference = 800D8FB521E33E9E0008DACA /* Tastmanager.app */;
			productType = "com.apple.product-type.application";
		};
/* End PBXNativeTarget section */

/* Begin PBXProject section */
		800D8FAD21E33E9E0008DACA /* Project object */ = {
			isa = PBXProject;
			attributes = {
				LastSwiftUpdateCheck = 1010;
				LastUpgradeCheck = 1010;
				ORGANIZATIONNAME = "Kirill Verhoturov";
				TargetAttributes = {
					800D8FB421E33E9E0008DACA = {
						CreatedOnToolsVersion = 10.1;
					};
				};
			};
			buildConfigurationList = 800D8FB021E33E9E0008DACA /* Build configuration list for PBXProject "Tastmanager" */;
			compatibilityVersion = "Xcode 9.3";
			developmentRegion = en;
			hasScannedForEncodings = 0;
			knownRegions = (
				en,
				Base,
			);
			mainGroup = 800D8FAC21E33E9E0008DACA;
			productRefGroup = 800D8FB621E33E9E0008DACA /* Products */;
			projectDirPath = "";
			projectRoot = "";
			targets = (
				800D8FB421E33E9E0008DACA /* Tastmanager */,
			);
		};
/* End PBXProject section */

/* Begin PBXResourcesBuildPhase section */
		800D8FB321E33E9E0008DACA /* Resources */ = {
			isa = PBXResourcesBuildPhase;
			buildActionMask = 2147483647;
			files = (
				800D8FC621E33E9F0008DACA /* LaunchScreen.storyboard in Resources */,
				800D8FC321E33E9F0008DACA /* Assets.xcassets in Resources */,
				800D8FBE21E33E9E0008DACA /* Main.storyboard in Resources */,
			);
			runOnlyForDeploymentPostprocessing = 0;
		};
/* End PBXResourcesBuildPhase section */

/* Begin PBXSourcesBuildPhase section */
		800D8FB121E33E9E0008DACA /* Sources */ = {
			isa = PBXSourcesBuildPhase;
			buildActionMask = 2147483647;
			files = (
				800D8FBB21E33E9E0008DACA /* ViewController.swift in Sources */,
				800D8FC121E33E9E0008DACA /* Tastmanager.xcdatamodeld in Sources */,
				800D8FB921E33E9E0008DACA /* AppDelegate.swift in Sources */,
			);
			runOnlyForDeploymentPostprocessing = 0;
		};
/* End PBXSourcesBuildPhase section */

/* Begin PBXVariantGroup section */
		800D8FBC21E33E9E0008DACA /* Main.storyboard */ = {
			isa = PBXVariantGroup;
			children = (
				800D8FBD21E33E9E0008DACA /* Base */,
			);
			name = Main.storyboard;
			sourceTree = "<group>";
		};
		800D8FC421E33E9F0008DACA /* LaunchScreen.storyboard */ = {
			isa = PBXVariantGroup;
			children = (
				800D8FC521E33E9F0008DACA /* Base */,
			);
			name = LaunchScreen.storyboard;
			sourceTree = "<group>";
		};
/* End PBXVariantGroup section */

/* Begin XCBuildConfiguration section */
		800D8FC821E33E9F0008DACA /* Debug */ = {
			isa = XCBuildConfiguration;
			buildSettings = {
				ALWAYS_SEARCH_USER_PATHS = NO;
				CLANG_ANALYZER_NONNULL = YES;
				CLANG_ANALYZER_NUMBER_OBJECT_CONVERSION = YES_AGGRESSIVE;
				CLANG_CXX_LANGUAGE_STANDARD = "gnu++14";
				CLANG_CXX_LIBRARY = "libc++";
				CLANG_ENABLE_MODULES = YES;
				CLANG_ENABLE_OBJC_ARC = YES;
				CLANG_ENABLE_OBJC_WEAK = YES;
				CLANG_WARN_BLOCK_CAPTURE_AUTORELEASING = YES;
				CLANG_WARN_BOOL_CONVERSION = YES;
				CLANG_WARN_COMMA = YES;
				CLANG_WARN_CONSTANT_CONVERSION = YES;
				CLANG_WARN_DEPRECATED_OBJC_IMPLEMENTATIONS = YES;
				CLANG_WARN_DIRECT_OBJC_ISA_USAGE = YES_ERROR;
				CLANG_WARN_DOCUMENTATION_COMMENTS = YES;
				CLANG_WARN_EMPTY_BODY = YES;
				CLANG_WARN_ENUM_CONVERSION = YES;
				CLANG_WARN_INFINITE_RECURSION = YES;
				CLANG_WARN_INT_CONVERSION = YES;
				CLANG_WARN_NON_LITERAL_NULL_CONVERSION = YES;
				CLANG_WARN_OBJC_IMPLICIT_RETAIN_SELF = YES;
				CLANG_WARN_OBJC_LITERAL_CONVERSION = YES;
				CLANG_WARN_OBJC_ROOT_CLASS = YES_ERROR;
				CLANG_WARN_RANGE_LOOP_ANALYSIS = YES;
				CLANG_WARN_STRICT_PROTOTYPES = YES;
				CLANG_WARN_SUSPICIOUS_MOVE = YES;
				CLANG_WARN_UNGUARDED_AVAILABILITY = YES_AGGRESSIVE;
				CLANG_WARN_UNREACHABLE_CODE = YES;
				CLANG_WARN__DUPLICATE_METHOD_MATCH = YES;
				CODE_SIGN_IDENTITY = "iPhone Developer";
				COPY_PHASE_STRIP = NO;
				DEBUG_INFORMATION_FORMAT = dwarf;
				ENABLE_STRICT_OBJC_MSGSEND = YES;
				ENABLE_TESTABILITY = YES;
				GCC_C_LANGUAGE_STANDARD = gnu11;
				GCC_DYNAMIC_NO_PIC = NO;
				GCC_NO_COMMON_BLOCKS = YES;
				GCC_OPTIMIZATION_LEVEL = 0;
				GCC_PREPROCESSOR_DEFINITIONS = (
					"DEBUG=1",
					"$(inherited)",
				);
				GCC_WARN_64_TO_32_BIT_CONVERSION = YES;
				GCC_WARN_ABOUT_RETURN_TYPE = YES_ERROR;
				GCC_WARN_UNDECLARED_SELECTOR = YES;
				GCC_WARN_UNINITIALIZED_AUTOS = YES_AGGRESSIVE;
				GCC_WARN_UNUSED_FUNCTION = YES;
				GCC_WARN_UNUSED_VARIABLE = YES;
				IPHONEOS_DEPLOYMENT_TARGET = 12.1;
				MTL_ENABLE_DEBUG_INFO = INCLUDE_SOURCE;
				MTL_FAST_MATH = YES;
				ONLY_ACTIVE_ARCH = YES;
				SDKROOT = iphoneos;
				SWIFT_ACTIVE_COMPILATION_CONDITIONS = DEBUG;
				SWIFT_OPTIMIZATION_LEVEL = "-Onone";
			};
			name = Debug;
		};
		800D8FC921E33E9F0008DACA /* Release */ = {
			isa = XCBuildConfiguration;
			buildSettings = {
				ALWAYS_SEARCH_USER_PATHS = NO;
				CLANG_ANALYZER_NONNULL = YES;
				CLANG_ANALYZER_NUMBER_OBJECT_CONVERSION = YES_AGGRESSIVE;
				CLANG_CXX_LANGUAGE_STANDARD = "gnu++14";
				CLANG_CXX_LIBRARY = "libc++";
				CLANG_ENABLE_MODULES = YES;
				CLANG_ENABLE_OBJC_ARC = YES;
				CLANG_ENABLE_OBJC_WEAK = YES;
				CLANG_WARN_BLOCK_CAPTURE_AUTORELEASING = YES;
				CLANG_WARN_BOOL_CONVERSION = YES;
				CLANG_WARN_COMMA = YES;
				CLANG_WARN_CONSTANT_CONVERSION = YES;
				CLANG_WARN_DEPRECATED_OBJC_IMPLEMENTATIONS = YES;
				CLANG_WARN_DIRECT_OBJC_ISA_USAGE = YES_ERROR;
				CLANG_WARN_DOCUMENTATION_COMMENTS = YES;
				CLANG_WARN_EMPTY_BODY = YES;
				CLANG_WARN_ENUM_CONVERSION = YES;
				CLANG_WARN_INFINITE_RECURSION = YES;
				CLANG_WARN_INT_CONVERSION = YES;
				CLANG_WARN_NON_LITERAL_NULL_CONVERSION = YES;
				CLANG_WARN_OBJC_IMPLICIT_RETAIN_SELF = YES;
				CLANG_WARN_OBJC_LITERAL_CONVERSION = YES;
				CLANG_WARN_OBJC_ROOT_CLASS = YES_ERROR;
				CLANG_WARN_RANGE_LOOP_ANALYSIS = YES;
				CLANG_WARN_STRICT_PROTOTYPES = YES;
				CLANG_WARN_SUSPICIOUS_MOVE = YES;
				CLANG_WARN_UNGUARDED_AVAILABILITY = YES_AGGRESSIVE;
				CLANG_WARN_UNREACHABLE_CODE = YES;
				CLANG_WARN__DUPLICATE_METHOD_MATCH = YES;
				CODE_SIGN_IDENTITY = "iPhone Developer";
				COPY_PHASE_STRIP = NO;
				DEBUG_INFORMATION_FORMAT = "dwarf-with-dsym";
				ENABLE_NS_ASSERTIONS = NO;
				ENABLE_STRICT_OBJC_MSGSEND = YES;
				GCC_C_LANGUAGE_STANDARD = gnu11;
				GCC_NO_COMMON_BLOCKS = YES;
				GCC_WARN_64_TO_32_BIT_CONVERSION = YES;
				GCC_WARN_ABOUT_RETURN_TYPE = YES_ERROR;
				GCC_WARN_UNDECLARED_SELECTOR = YES;
				GCC_WARN_UNINITIALIZED_AUTOS = YES_AGGRESSIVE;
				GCC_WARN_UNUSED_FUNCTION = YES;
				GCC_WARN_UNUSED_VARIABLE = YES;
				IPHONEOS_DEPLOYMENT_TARGET = 12.1;
				MTL_ENABLE_DEBUG_INFO = NO;
				MTL_FAST_MATH = YES;
				SDKROOT = iphoneos;
				SWIFT_COMPILATION_MODE = wholemodule;
				SWIFT_OPTIMIZATION_LEVEL = "-O";
				VALIDATE_PRODUCT = YES;
			};
			name = Release;
		};
		800D8FCB21E33E9F0008DACA /* Debug */ = {
			isa = XCBuildConfiguration;
			buildSettings = {
				ASSETCATALOG_COMPILER_APPICON_NAME = AppIcon;
				CODE_SIGN_STYLE = Automatic;
				DEVELOPMENT_TEAM = P49N9D57UB;
				INFOPLIST_FILE = Tastmanager/Info.plist;
				LD_RUNPATH_SEARCH_PATHS = (
					"$(inherited)",
					"@executable_path/Frameworks",
				);
				PRODUCT_BUNDLE_IDENTIFIER = com.tastmanager.realm.Tastmanager;
				PRODUCT_NAME = "$(TARGET_NAME)";
				SWIFT_VERSION = 4.2;
				TARGETED_DEVICE_FAMILY = "1,2";
			};
			name = Debug;
		};
		800D8FCC21E33E9F0008DACA /* Release */ = {
			isa = XCBuildConfiguration;
			buildSettings = {
				ASSETCATALOG_COMPILER_APPICON_NAME = AppIcon;
				CODE_SIGN_STYLE = Automatic;
				DEVELOPMENT_TEAM = P49N9D57UB;
				INFOPLIST_FILE = Tastmanager/Info.plist;
				LD_RUNPATH_SEARCH_PATHS = (
					"$(inherited)",
					"@executable_path/Frameworks",
				);
				PRODUCT_BUNDLE_IDENTIFIER = com.tastmanager.realm.Tastmanager;
				PRODUCT_NAME = "$(TARGET_NAME)";
				SWIFT_VERSION = 4.2;
				TARGETED_DEVICE_FAMILY = "1,2";
			};
			name = Release;
		};
/* End XCBuildConfiguration section */

/* Begin XCConfigurationList section */
		800D8FB021E33E9E0008DACA /* Build configuration list for PBXProject "Tastmanager" */ = {
			isa = XCConfigurationList;
			buildConfigurations = (
				800D8FC821E33E9F0008DACA /* Debug */,
				800D8FC921E33E9F0008DACA /* Release */,
			);
			defaultConfigurationIsVisible = 0;
			defaultConfigurationName = Release;
		};
		800D8FCA21E33E9F0008DACA /* Build configuration list for PBXNativeTarget "Tastmanager" */ = {
			isa = XCConfigurationList;
			buildConfigurations = (
				800D8FCB21E33E9F0008DACA /* Debug */,
				800D8FCC21E33E9F0008DACA /* Release */,
			);
			defaultConfigurationIsVisible = 0;
			defaultConfigurationName = Release;
		};
/* End XCConfigurationList section */

/* Begin XCVersionGroup section */
		800D8FBF21E33E9E0008DACA /* Tastmanager.xcdatamodeld */ = {
			isa = XCVersionGroup;
			children = (
				800D8FC021E33E9E0008DACA /* Tastmanager.xcdatamodel */,
			);
			currentVersion = 800D8FC021E33E9E0008DACA /* Tastmanager.xcdatamodel */;
			path = Tastmanager.xcdatamodeld;
			sourceTree = "<group>";
			versionGroupType = wrapper.xcdatamodel;
		};
/* End XCVersionGroup section */
	};
	rootObject = 800D8FAD21E33E9E0008DACA /* Project object */;
}
